// !$*UTF8*$!
{
	archiveVersion = 1;
	classes = {
	};
	objectVersion = 45;
	objects = {

/* Begin PBXBuildFile section */
		1D60589B0D05DD56006BFB54 /* main.m in Sources */ = {isa = PBXBuildFile; fileRef = 29B97316FDCFA39411CA2CEA /* main.m */; };
		1D60589F0D05DD5A006BFB54 /* Foundation.framework in Frameworks */ = {isa = PBXBuildFile; fileRef = 1D30AB110D05D00D00671497 /* Foundation.framework */; };
		1DF5F4E00D08C38300B7A737 /* UIKit.framework in Frameworks */ = {isa = PBXBuildFile; fileRef = 1DF5F4DF0D08C38300B7A737 /* UIKit.framework */; };
		2892E4100DC94CBA00A64D0F /* CoreGraphics.framework in Frameworks */ = {isa = PBXBuildFile; fileRef = 2892E40F0DC94CBA00A64D0F /* CoreGraphics.framework */; };
		5347701E141A148D00E02E4A /* GHUnitIOS.framework in Frameworks */ = {isa = PBXBuildFile; fileRef = 5347701D141A148D00E02E4A /* GHUnitIOS.framework */; };
		D620B1831418B6CB002D9F58 /* OmnitureEscapeTest.m in Sources */ = {isa = PBXBuildFile; fileRef = D620B1821418B6CB002D9F58 /* OmnitureEscapeTest.m */; };
		D620B1B31418C086002D9F58 /* libESOmniture.a in Frameworks */ = {isa = PBXBuildFile; fileRef = D620B18C1418B6FF002D9F58 /* libESOmniture.a */; };
		D620B2BA1418CE1B002D9F58 /* UserAgentTest.m in Sources */ = {isa = PBXBuildFile; fileRef = D620B2B91418CE1B002D9F58 /* UserAgentTest.m */; };
		D620B2E71418D503002D9F58 /* ApplicationIdentifierTest.m in Sources */ = {isa = PBXBuildFile; fileRef = D620B2E61418D503002D9F58 /* ApplicationIdentifierTest.m */; };
		D620B3191418D883002D9F58 /* ESOmnitureVariableTest.m in Sources */ = {isa = PBXBuildFile; fileRef = D620B3181418D883002D9F58 /* ESOmnitureVariableTest.m */; };
		D62CC87E1430B4C000D1E828 /* ESOmnitureMediaPlaybackInfoTest.m in Sources */ = {isa = PBXBuildFile; fileRef = D62CC87D1430B4C000D1E828 /* ESOmnitureMediaPlaybackInfoTest.m */; };
		D62CC8801430B73F00D1E828 /* ESOmnitureTrackPointFactoryTest.m in Sources */ = {isa = PBXBuildFile; fileRef = D62CC87F1430B73F00D1E828 /* ESOmnitureTrackPointFactoryTest.m */; };
		D676F6111428867A008E3A2A /* ESOmnitureMediaTest.m in Sources */ = {isa = PBXBuildFile; fileRef = D676F6101428867A008E3A2A /* ESOmnitureMediaTest.m */; };
		D6EEBF401418DCEF00B6181A /* ESOmnitureContextTest.m in Sources */ = {isa = PBXBuildFile; fileRef = D6EEBF3F1418DCEF00B6181A /* ESOmnitureContextTest.m */; };
		D6EEC04E1418EF0800B6181A /* TimestampTest.m in Sources */ = {isa = PBXBuildFile; fileRef = D6EEC04D1418EF0800B6181A /* TimestampTest.m */; };
		D6F2FC2C141F62F2002B4D45 /* ESOmnitureTest.m in Sources */ = {isa = PBXBuildFile; fileRef = D6F2FC2B141F62F2002B4D45 /* ESOmnitureTest.m */; };
/* End PBXBuildFile section */

/* Begin PBXContainerItemProxy section */
		D620B18B1418B6FF002D9F58 /* PBXContainerItemProxy */ = {
			isa = PBXContainerItemProxy;
			containerPortal = D620B1841418B6FF002D9F58 /* ESOmniture.xcodeproj */;
			proxyType = 2;
			remoteGlobalIDString = D2AAC07E0554694100DB518D;
			remoteInfo = ESOmniture;
		};
		D620B18D1418B706002D9F58 /* PBXContainerItemProxy */ = {
			isa = PBXContainerItemProxy;
			containerPortal = D620B1841418B6FF002D9F58 /* ESOmniture.xcodeproj */;
			proxyType = 1;
			remoteGlobalIDString = D2AAC07D0554694100DB518D;
			remoteInfo = ESOmniture;
		};
/* End PBXContainerItemProxy section */

/* Begin PBXFileReference section */
		1D30AB110D05D00D00671497 /* Foundation.framework */ = {isa = PBXFileReference; lastKnownFileType = wrapper.framework; name = Foundation.framework; path = System/Library/Frameworks/Foundation.framework; sourceTree = SDKROOT; };
		1D6058910D05DD3D006BFB54 /* ESOmnitureTest.app */ = {isa = PBXFileReference; explicitFileType = wrapper.application; includeInIndex = 0; path = ESOmnitureTest.app; sourceTree = BUILT_PRODUCTS_DIR; };
		1DF5F4DF0D08C38300B7A737 /* UIKit.framework */ = {isa = PBXFileReference; lastKnownFileType = wrapper.framework; name = UIKit.framework; path = System/Library/Frameworks/UIKit.framework; sourceTree = SDKROOT; };
		2892E40F0DC94CBA00A64D0F /* CoreGraphics.framework */ = {isa = PBXFileReference; lastKnownFileType = wrapper.framework; name = CoreGraphics.framework; path = System/Library/Frameworks/CoreGraphics.framework; sourceTree = SDKROOT; };
		28A0AAE50D9B0CCF005BE974 /* ESOmnitureTest_Prefix.pch */ = {isa = PBXFileReference; fileEncoding = 4; lastKnownFileType = sourcecode.c.h; path = ESOmnitureTest_Prefix.pch; sourceTree = "<group>"; };
		29B97316FDCFA39411CA2CEA /* main.m */ = {isa = PBXFileReference; fileEncoding = 4; lastKnownFileType = sourcecode.c.objc; path = main.m; sourceTree = "<group>"; };
		5347701D141A148D00E02E4A /* GHUnitIOS.framework */ = {isa = PBXFileReference; lastKnownFileType = wrapper.framework; name = GHUnitIOS.framework; path = ../../../../test/GHUnitIOS.framework; sourceTree = SOURCE_ROOT; };
		8D1107310486CEB800E47090 /* ESOmnitureTest-Info.plist */ = {isa = PBXFileReference; fileEncoding = 4; lastKnownFileType = text.plist.xml; path = "ESOmnitureTest-Info.plist"; plistStructureDefinitionIdentifier = "com.apple.xcode.plist.structure-definition.iphone.info-plist"; sourceTree = "<group>"; };
		D620B1821418B6CB002D9F58 /* OmnitureEscapeTest.m */ = {isa = PBXFileReference; fileEncoding = 4; lastKnownFileType = sourcecode.c.objc; path = OmnitureEscapeTest.m; sourceTree = "<group>"; };
		D620B1841418B6FF002D9F58 /* ESOmniture.xcodeproj */ = {isa = PBXFileReference; lastKnownFileType = "wrapper.pb-project"; name = ESOmniture.xcodeproj; path = ../../lib/ESOmniture/ESOmniture.xcodeproj; sourceTree = SOURCE_ROOT; };
		D620B2B91418CE1B002D9F58 /* UserAgentTest.m */ = {isa = PBXFileReference; fileEncoding = 4; lastKnownFileType = sourcecode.c.objc; path = UserAgentTest.m; sourceTree = "<group>"; };
		D620B2E61418D503002D9F58 /* ApplicationIdentifierTest.m */ = {isa = PBXFileReference; fileEncoding = 4; lastKnownFileType = sourcecode.c.objc; path = ApplicationIdentifierTest.m; sourceTree = "<group>"; };
		D620B3181418D883002D9F58 /* ESOmnitureVariableTest.m */ = {isa = PBXFileReference; fileEncoding = 4; lastKnownFileType = sourcecode.c.objc; path = ESOmnitureVariableTest.m; sourceTree = "<group>"; };
		D62CC87D1430B4C000D1E828 /* ESOmnitureMediaPlaybackInfoTest.m */ = {isa = PBXFileReference; fileEncoding = 4; lastKnownFileType = sourcecode.c.objc; path = ESOmnitureMediaPlaybackInfoTest.m; sourceTree = "<group>"; };
		D62CC87F1430B73F00D1E828 /* ESOmnitureTrackPointFactoryTest.m */ = {isa = PBXFileReference; fileEncoding = 4; lastKnownFileType = sourcecode.c.objc; path = ESOmnitureTrackPointFactoryTest.m; sourceTree = "<group>"; };
		D676F6101428867A008E3A2A /* ESOmnitureMediaTest.m */ = {isa = PBXFileReference; fileEncoding = 4; lastKnownFileType = sourcecode.c.objc; path = ESOmnitureMediaTest.m; sourceTree = "<group>"; };
		D6EEBF3F1418DCEF00B6181A /* ESOmnitureContextTest.m */ = {isa = PBXFileReference; fileEncoding = 4; lastKnownFileType = sourcecode.c.objc; path = ESOmnitureContextTest.m; sourceTree = "<group>"; };
		D6EEC04D1418EF0800B6181A /* TimestampTest.m */ = {isa = PBXFileReference; fileEncoding = 4; lastKnownFileType = sourcecode.c.objc; path = TimestampTest.m; sourceTree = "<group>"; };
		D6F2FC2B141F62F2002B4D45 /* ESOmnitureTest.m */ = {isa = PBXFileReference; fileEncoding = 4; lastKnownFileType = sourcecode.c.objc; path = ESOmnitureTest.m; sourceTree = "<group>"; };
/* End PBXFileReference section */

/* Begin PBXFrameworksBuildPhase section */
		1D60588F0D05DD3D006BFB54 /* Frameworks */ = {
			isa = PBXFrameworksBuildPhase;
			buildActionMask = 2147483647;
			files = (
				D620B1B31418C086002D9F58 /* libESOmniture.a in Frameworks */,
				1D60589F0D05DD5A006BFB54 /* Foundation.framework in Frameworks */,
				1DF5F4E00D08C38300B7A737 /* UIKit.framework in Frameworks */,
				2892E4100DC94CBA00A64D0F /* CoreGraphics.framework in Frameworks */,
				5347701E141A148D00E02E4A /* GHUnitIOS.framework in Frameworks */,
			);
			runOnlyForDeploymentPostprocessing = 0;
		};
/* End PBXFrameworksBuildPhase section */

/* Begin PBXGroup section */
		080E96DDFE201D6D7F000001 /* Classes */ = {
			isa = PBXGroup;
			children = (
				D620B1821418B6CB002D9F58 /* OmnitureEscapeTest.m */,
				D620B2B91418CE1B002D9F58 /* UserAgentTest.m */,
				D620B2E61418D503002D9F58 /* ApplicationIdentifierTest.m */,
				D620B3181418D883002D9F58 /* ESOmnitureVariableTest.m */,
				D6EEBF3F1418DCEF00B6181A /* ESOmnitureContextTest.m */,
				D6EEC04D1418EF0800B6181A /* TimestampTest.m */,
				D6F2FC2B141F62F2002B4D45 /* ESOmnitureTest.m */,
				D676F6101428867A008E3A2A /* ESOmnitureMediaTest.m */,
				D62CC87F1430B73F00D1E828 /* ESOmnitureTrackPointFactoryTest.m */,
				D62CC87D1430B4C000D1E828 /* ESOmnitureMediaPlaybackInfoTest.m */,
			);
			path = Classes;
			sourceTree = "<group>";
		};
		19C28FACFE9D520D11CA2CBB /* Products */ = {
			isa = PBXGroup;
			children = (
				1D6058910D05DD3D006BFB54 /* ESOmnitureTest.app */,
			);
			name = Products;
			sourceTree = "<group>";
		};
		29B97314FDCFA39411CA2CEA /* CustomTemplate */ = {
			isa = PBXGroup;
			children = (
				D620B1841418B6FF002D9F58 /* ESOmniture.xcodeproj */,
				080E96DDFE201D6D7F000001 /* Classes */,
				29B97315FDCFA39411CA2CEA /* Other Sources */,
				29B97317FDCFA39411CA2CEA /* Resources */,
				29B97323FDCFA39411CA2CEA /* Frameworks */,
				19C28FACFE9D520D11CA2CBB /* Products */,
			);
			name = CustomTemplate;
			sourceTree = "<group>";
		};
		29B97315FDCFA39411CA2CEA /* Other Sources */ = {
			isa = PBXGroup;
			children = (
				28A0AAE50D9B0CCF005BE974 /* ESOmnitureTest_Prefix.pch */,
				29B97316FDCFA39411CA2CEA /* main.m */,
			);
			name = "Other Sources";
			sourceTree = "<group>";
		};
		29B97317FDCFA39411CA2CEA /* Resources */ = {
			isa = PBXGroup;
			children = (
				8D1107310486CEB800E47090 /* ESOmnitureTest-Info.plist */,
			);
			name = Resources;
			sourceTree = "<group>";
		};
		29B97323FDCFA39411CA2CEA /* Frameworks */ = {
			isa = PBXGroup;
			children = (
				5347701D141A148D00E02E4A /* GHUnitIOS.framework */,
				1DF5F4DF0D08C38300B7A737 /* UIKit.framework */,
				1D30AB110D05D00D00671497 /* Foundation.framework */,
				2892E40F0DC94CBA00A64D0F /* CoreGraphics.framework */,
			);
			name = Frameworks;
			sourceTree = "<group>";
		};
		D620B1851418B6FF002D9F58 /* Products */ = {
			isa = PBXGroup;
			children = (
				D620B18C1418B6FF002D9F58 /* libESOmniture.a */,
			);
			name = Products;
			sourceTree = "<group>";
		};
/* End PBXGroup section */

/* Begin PBXNativeTarget section */
		1D6058900D05DD3D006BFB54 /* ESOmnitureTest */ = {
			isa = PBXNativeTarget;
			buildConfigurationList = 1D6058960D05DD3E006BFB54 /* Build configuration list for PBXNativeTarget "ESOmnitureTest" */;
			buildPhases = (
				1D60588D0D05DD3D006BFB54 /* Resources */,
				1D60588E0D05DD3D006BFB54 /* Sources */,
				1D60588F0D05DD3D006BFB54 /* Frameworks */,
				5347713A141A20EF00E02E4A /* ShellScript */,
			);
			buildRules = (
			);
			dependencies = (
				D620B18E1418B706002D9F58 /* PBXTargetDependency */,
			);
			name = ESOmnitureTest;
			productName = ESOmnitureTest;
			productReference = 1D6058910D05DD3D006BFB54 /* ESOmnitureTest.app */;
			productType = "com.apple.product-type.application";
		};
/* End PBXNativeTarget section */

/* Begin PBXProject section */
		29B97313FDCFA39411CA2CEA /* Project object */ = {
			isa = PBXProject;
			buildConfigurationList = C01FCF4E08A954540054247B /* Build configuration list for PBXProject "ESOmnitureTest" */;
			compatibilityVersion = "Xcode 3.1";
			developmentRegion = English;
			hasScannedForEncodings = 1;
			knownRegions = (
				English,
				Japanese,
				French,
				German,
				en,
			);
			mainGroup = 29B97314FDCFA39411CA2CEA /* CustomTemplate */;
			projectDirPath = "";
			projectReferences = (
				{
					ProductGroup = D620B1851418B6FF002D9F58 /* Products */;
					ProjectRef = D620B1841418B6FF002D9F58 /* ESOmniture.xcodeproj */;
				},
			);
			projectRoot = "";
			targets = (
				1D6058900D05DD3D006BFB54 /* ESOmnitureTest */,
			);
		};
/* End PBXProject section */

/* Begin PBXReferenceProxy section */
		D620B18C1418B6FF002D9F58 /* libESOmniture.a */ = {
			isa = PBXReferenceProxy;
			fileType = archive.ar;
			path = libESOmniture.a;
			remoteRef = D620B18B1418B6FF002D9F58 /* PBXContainerItemProxy */;
			sourceTree = BUILT_PRODUCTS_DIR;
		};
/* End PBXReferenceProxy section */

/* Begin PBXResourcesBuildPhase section */
		1D60588D0D05DD3D006BFB54 /* Resources */ = {
			isa = PBXResourcesBuildPhase;
			buildActionMask = 2147483647;
			files = (
			);
			runOnlyForDeploymentPostprocessing = 0;
		};
/* End PBXResourcesBuildPhase section */

/* Begin PBXShellScriptBuildPhase section */
		5347713A141A20EF00E02E4A /* ShellScript */ = {
			isa = PBXShellScriptBuildPhase;
			buildActionMask = 2147483647;
			files = (
			);
			inputPaths = (
			);
			outputPaths = (
			);
			runOnlyForDeploymentPostprocessing = 0;
			shellPath = /bin/sh;
			shellScript = "#\n#/bin/bash\n#\n## Dump XCode variables\n\nmkdir -p \"/tmp/ESOmnitureTestBuild\"\nCI_TEST_PRODUCT_DIR_FILE=/tmp/ESOmnitureTestBuild/CI_TEST_PRODUCT_DIR.txt\n\ncd \"$BUILT_PRODUCTS_DIR\"\ncd ..\necho $PWD > \"$CI_TEST_PRODUCT_DIR_FILE\"\n\nexit 0\n\n";
		};
/* End PBXShellScriptBuildPhase section */

/* Begin PBXSourcesBuildPhase section */
		1D60588E0D05DD3D006BFB54 /* Sources */ = {
			isa = PBXSourcesBuildPhase;
			buildActionMask = 2147483647;
			files = (
				1D60589B0D05DD56006BFB54 /* main.m in Sources */,
				D620B1831418B6CB002D9F58 /* OmnitureEscapeTest.m in Sources */,
				D620B2BA1418CE1B002D9F58 /* UserAgentTest.m in Sources */,
				D620B2E71418D503002D9F58 /* ApplicationIdentifierTest.m in Sources */,
				D620B3191418D883002D9F58 /* ESOmnitureVariableTest.m in Sources */,
				D6EEBF401418DCEF00B6181A /* ESOmnitureContextTest.m in Sources */,
				D6EEC04E1418EF0800B6181A /* TimestampTest.m in Sources */,
				D6F2FC2C141F62F2002B4D45 /* ESOmnitureTest.m in Sources */,
				D676F6111428867A008E3A2A /* ESOmnitureMediaTest.m in Sources */,
				D62CC87E1430B4C000D1E828 /* ESOmnitureMediaPlaybackInfoTest.m in Sources */,
				D62CC8801430B73F00D1E828 /* ESOmnitureTrackPointFactoryTest.m in Sources */,
			);
			runOnlyForDeploymentPostprocessing = 0;
		};
/* End PBXSourcesBuildPhase section */

/* Begin PBXTargetDependency section */
		D620B18E1418B706002D9F58 /* PBXTargetDependency */ = {
			isa = PBXTargetDependency;
			name = ESOmniture;
			targetProxy = D620B18D1418B706002D9F58 /* PBXContainerItemProxy */;
		};
/* End PBXTargetDependency section */

/* Begin XCBuildConfiguration section */
		1D6058940D05DD3E006BFB54 /* Debug */ = {
			isa = XCBuildConfiguration;
			buildSettings = {
				ALWAYS_SEARCH_USER_PATHS = NO;
				COPY_PHASE_STRIP = NO;
				FRAMEWORK_SEARCH_PATHS = (
					"$(inherited)",
					"\"$(SRCROOT)/..\"",
					"\"$(SRCROOT)/../../../../test\"",
				);
				GCC_DYNAMIC_NO_PIC = NO;
				GCC_OPTIMIZATION_LEVEL = 0;
				GCC_PRECOMPILE_PREFIX_HEADER = YES;
				GCC_PREFIX_HEADER = ESOmnitureTest_Prefix.pch;
				HEADER_SEARCH_PATHS = ../../lib/ESOmniture;
				INFOPLIST_FILE = "ESOmnitureTest-Info.plist";
				OTHER_LDFLAGS = (
					"-ObjC",
					"-all_load",
				);
				PRODUCT_NAME = ESOmnitureTest;
			};
			name = Debug;
		};
		1D6058950D05DD3E006BFB54 /* Release */ = {
			isa = XCBuildConfiguration;
			buildSettings = {
				ALWAYS_SEARCH_USER_PATHS = NO;
				COPY_PHASE_STRIP = YES;
				FRAMEWORK_SEARCH_PATHS = (
					"$(inherited)",
					"\"$(SRCROOT)/..\"",
					"\"$(SRCROOT)/../../../../test\"",
				);
				GCC_PRECOMPILE_PREFIX_HEADER = YES;
				GCC_PREFIX_HEADER = ESOmnitureTest_Prefix.pch;
				HEADER_SEARCH_PATHS = ../../lib/ESOmniture;
				INFOPLIST_FILE = "ESOmnitureTest-Info.plist";
				OTHER_LDFLAGS = (
					"-ObjC",
					"-all_load",
				);
				PRODUCT_NAME = ESOmnitureTest;
				VALIDATE_PRODUCT = YES;
			};
			name = Release;
		};
		C01FCF4F08A954540054247B /* Debug */ = {
			isa = XCBuildConfiguration;
			buildSettings = {
				ARCHS = "$(ARCHS_STANDARD_32_BIT)";
				"CODE_SIGN_IDENTITY[sdk=iphoneos*]" = "iPhone Developer";
				GCC_C_LANGUAGE_STANDARD = c99;
				GCC_WARN_ABOUT_RETURN_TYPE = YES;
				GCC_WARN_UNUSED_VARIABLE = YES;
				PREBINDING = NO;
				SDKROOT = iphoneos;
			};
			name = Debug;
		};
		C01FCF5008A954540054247B /* Release */ = {
			isa = XCBuildConfiguration;
			buildSettings = {
				ARCHS = "$(ARCHS_STANDARD_32_BIT)";
				"CODE_SIGN_IDENTITY[sdk=iphoneos*]" = "iPhone Developer";
				GCC_C_LANGUAGE_STANDARD = c99;
				GCC_WARN_ABOUT_RETURN_TYPE = YES;
				GCC_WARN_UNUSED_VARIABLE = YES;
				OTHER_CFLAGS = "-DNS_BLOCK_ASSERTIONS=1";
				PREBINDING = NO;
				SDKROOT = iphoneos;
			};
			name = Release;
		};
/* End XCBuildConfiguration section */

/* Begin XCConfigurationList section */
		1D6058960D05DD3E006BFB54 /* Build configuration list for PBXNativeTarget "ESOmnitureTest" */ = {
			isa = XCConfigurationList;
			buildConfigurations = (
				1D6058940D05DD3E006BFB54 /* Debug */,
				1D6058950D05DD3E006BFB54 /* Release */,
			);
			defaultConfigurationIsVisible = 0;
			defaultConfigurationName = Release;
		};
		C01FCF4E08A954540054247B /* Build configuration list for PBXProject "ESOmnitureTest" */ = {
			isa = XCConfigurationList;
			buildConfigurations = (
				C01FCF4F08A954540054247B /* Debug */,
				C01FCF5008A954540054247B /* Release */,
			);
			defaultConfigurationIsVisible = 0;
			defaultConfigurationName = Release;
		};
/* End XCConfigurationList section */
	};
	rootObject = 29B97313FDCFA39411CA2CEA /* Project object */;
}
